{
  "nodes": {
    "arkenfox-userjs": {
      "flake": false,
      "locked": {
        "lastModified": 1697637820,
        "narHash": "sha256-/wW55BnbryBleWOvIGPA+QgeL28TN8lSuTwiFXTp9ss=",
        "owner": "arkenfox",
        "repo": "user.js",
        "rev": "3fdcb28b8f1992b66e43582810488413b39ebdb3",
        "type": "github"
      },
      "original": {
        "owner": "arkenfox",
        "ref": "118.0",
        "repo": "user.js",
        "type": "github"
      }
    },
    "nixpkgs": {
      "locked": {
        "lastModified": 1697915759,
        "narHash": "sha256-WyMj5jGcecD+KC8gEs+wFth1J1wjisZf8kVZH13f1Zo=",
        "owner": "NixOS",
        "repo": "nixpkgs",
        "rev": "51d906d2341c9e866e48c2efcaac0f2d70bfd43e",
        "type": "github"
      },
      "original": {
        "id": "nixpkgs",
        "ref": "nixpkgs-unstable",
        "type": "indirect"
      }
    },
    "root": {
      "inputs": {
        "arkenfox-userjs": "arkenfox-userjs",
        "nixpkgs": "nixpkgs"
      }
    }
  },
  "root": "root",
  "version": 7
}
